
Microsoft Visual Studio Solution File, Format Version 12.00
# Visual Studio Version 17
VisualStudioVersion = 17.8.34330.188
MinimumVisualStudioVersion = 10.0.40219.1
Project("{9A19103F-16F7-4668-BE54-9A1E7A4F7556}") = "PaySky.API", "PaySkyTask\PaySky.API.csproj", "{BB568ACF-0974-46EF-968E-73AD6ABA9D5E}"
EndProject
Project("{9A19103F-16F7-4668-BE54-9A1E7A4F7556}") = "PaySky.Application", "PaySky.Application\PaySky.Application.csproj", "{F9FD4D96-BA74-4B4B-AD96-F69D7901D036}"
EndProject
Global
	GlobalSection(SolutionConfigurationPlatforms) = preSolution
		Debug|Any CPU = Debug|Any CPU
		Release|Any CPU = Release|Any CPU
	EndGlobalSection
	GlobalSection(ProjectConfigurationPlatforms) = postSolution
		{BB568ACF-0974-46EF-968E-73AD6ABA9D5E}.Debug|Any CPU.ActiveCfg = Debug|Any CPU
		{BB568ACF-0974-46EF-968E-73AD6ABA9D5E}.Debug|Any CPU.Build.0 = Debug|Any CPU
		{BB568ACF-0974-46EF-968E-73AD6ABA9D5E}.Release|Any CPU.ActiveCfg = Release|Any CPU
		{BB568ACF-0974-46EF-968E-73AD6ABA9D5E}.Release|Any CPU.Build.0 = Release|Any CPU
		{F9FD4D96-BA74-4B4B-AD96-F69D7901D036}.Debug|Any CPU.ActiveCfg = Debug|Any CPU
		{F9FD4D96-BA74-4B4B-AD96-F69D7901D036}.Debug|Any CPU.Build.0 = Debug|Any CPU
		{F9FD4D96-BA74-4B4B-AD96-F69D7901D036}.Release|Any CPU.ActiveCfg = Release|Any CPU
		{F9FD4D96-BA74-4B4B-AD96-F69D7901D036}.Release|Any CPU.Build.0 = Release|Any CPU
	EndGlobalSection
	GlobalSection(SolutionProperties) = preSolution
		HideSolutionNode = FALSE
	EndGlobalSection
	GlobalSection(ExtensibilityGlobals) = postSolution
		SolutionGuid = {0A7E566A-3A7D-4453-94B4-B81BF778C3AC}
	EndGlobalSection
EndGlobal
